
Microsoft Visual Studio Solution File, Format Version 12.00
# Visual Studio 2013
VisualStudioVersion = 12.0.31101.0
MinimumVisualStudioVersion = 10.0.40219.1
Project("{FAE04EC0-301F-11D3-BF4B-00C04F79EFBC}") = "Sharpku", "Sharpku\Sharpku.csproj", "{1CDAFA13-AF1C-4954-838F-A0E108F50052}"
EndProject
Project("{FAE04EC0-301F-11D3-BF4B-00C04F79EFBC}") = "Sharpku.Console", "Sharpku.Console\Sharpku.Console.csproj", "{0DA456B1-EBB1-44AE-A404-475CB9689B91}"
EndProject
Global
	GlobalSection(SolutionConfigurationPlatforms) = preSolution
		Debug|Any CPU = Debug|Any CPU
		Release|Any CPU = Release|Any CPU
	EndGlobalSection
	GlobalSection(ProjectConfigurationPlatforms) = postSolution
		{1CDAFA13-AF1C-4954-838F-A0E108F50052}.Debug|Any CPU.ActiveCfg = Debug|Any CPU
		{1CDAFA13-AF1C-4954-838F-A0E108F50052}.Debug|Any CPU.Build.0 = Debug|Any CPU
		{1CDAFA13-AF1C-4954-838F-A0E108F50052}.Release|Any CPU.ActiveCfg = Release|Any CPU
		{1CDAFA13-AF1C-4954-838F-A0E108F50052}.Release|Any CPU.Build.0 = Release|Any CPU
		{0DA456B1-EBB1-44AE-A404-475CB9689B91}.Debug|Any CPU.ActiveCfg = Debug|Any CPU
		{0DA456B1-EBB1-44AE-A404-475CB9689B91}.Debug|Any CPU.Build.0 = Debug|Any CPU
		{0DA456B1-EBB1-44AE-A404-475CB9689B91}.Release|Any CPU.ActiveCfg = Release|Any CPU
		{0DA456B1-EBB1-44AE-A404-475CB9689B91}.Release|Any CPU.Build.0 = Release|Any CPU
	EndGlobalSection
	GlobalSection(SolutionProperties) = preSolution
		HideSolutionNode = FALSE
	EndGlobalSection
EndGlobal
